
Microsoft Visual Studio Solution File, Format Version 12.00
# Visual Studio Version 17
VisualStudioVersion = 17.0.31903.59
MinimumVisualStudioVersion = 10.0.40219.1
Project("{2150E333-8FDC-42A3-9474-1A3956D46DE8}") = "src", "src", "{827E0CD3-B72D-47B6-A68D-7590B98EB39B}"
EndProject
Project("{FAE04EC0-301F-11D3-BF4B-00C04F79EFBC}") = "CardGame.Domain", "src\CardGame.Domain\CardGame.Domain.csproj", "{6C27DE1D-4D0F-4208-B25F-9160EDF32BDE}"
EndProject
Project("{FAE04EC0-301F-11D3-BF4B-00C04F79EFBC}") = "CardGame.Application", "src\CardGame.Application\CardGame.Application.csproj", "{B7993E22-F1F8-41E6-9AD3-2048856BB88F}"
EndProject
Project("{FAE04EC0-301F-11D3-BF4B-00C04F79EFBC}") = "CardGame.Infrastructure", "src\CardGame.Infrastructure\CardGame.Infrastructure.csproj", "{EB15DDED-3FC8-4F1B-BF2D-BF2836D97285}"
EndProject
Project("{FAE04EC0-301F-11D3-BF4B-00C04F79EFBC}") = "CardGame.Api", "src\CardGame.Api\CardGame.Api.csproj", "{2925BE60-767B-4655-B160-BA15404F6109}"
EndProject
Project("{FAE04EC0-301F-11D3-BF4B-00C04F79EFBC}") = "CardGame.Domain.Tests", "tests\CardGame.Domain.Tests\CardGame.Domain.Tests.csproj", "{11595643-B999-44CF-83EE-C5A35FB5F9B7}"
EndProject
Project("{FAE04EC0-301F-11D3-BF4B-00C04F79EFBC}") = "CardGame.Application.Tests", "tests\CardGame.Application.Tests\CardGame.Application.Tests.csproj", "{84A77A6F-1BCB-45E5-ABC8-8C467DE70243}"
EndProject
Global
	GlobalSection(SolutionConfigurationPlatforms) = preSolution
		Debug|Any CPU = Debug|Any CPU
		Debug|x64 = Debug|x64
		Debug|x86 = Debug|x86
		Release|Any CPU = Release|Any CPU
		Release|x64 = Release|x64
		Release|x86 = Release|x86
	EndGlobalSection
	GlobalSection(ProjectConfigurationPlatforms) = postSolution
		{6C27DE1D-4D0F-4208-B25F-9160EDF32BDE}.Debug|Any CPU.ActiveCfg = Debug|Any CPU
		{6C27DE1D-4D0F-4208-B25F-9160EDF32BDE}.Debug|Any CPU.Build.0 = Debug|Any CPU
		{6C27DE1D-4D0F-4208-B25F-9160EDF32BDE}.Debug|x64.ActiveCfg = Debug|Any CPU
		{6C27DE1D-4D0F-4208-B25F-9160EDF32BDE}.Debug|x64.Build.0 = Debug|Any CPU
		{6C27DE1D-4D0F-4208-B25F-9160EDF32BDE}.Debug|x86.ActiveCfg = Debug|Any CPU
		{6C27DE1D-4D0F-4208-B25F-9160EDF32BDE}.Debug|x86.Build.0 = Debug|Any CPU
		{6C27DE1D-4D0F-4208-B25F-9160EDF32BDE}.Release|Any CPU.ActiveCfg = Release|Any CPU
		{6C27DE1D-4D0F-4208-B25F-9160EDF32BDE}.Release|Any CPU.Build.0 = Release|Any CPU
		{6C27DE1D-4D0F-4208-B25F-9160EDF32BDE}.Release|x64.ActiveCfg = Release|Any CPU
		{6C27DE1D-4D0F-4208-B25F-9160EDF32BDE}.Release|x64.Build.0 = Release|Any CPU
		{6C27DE1D-4D0F-4208-B25F-9160EDF32BDE}.Release|x86.ActiveCfg = Release|Any CPU
		{6C27DE1D-4D0F-4208-B25F-9160EDF32BDE}.Release|x86.Build.0 = Release|Any CPU
		{B7993E22-F1F8-41E6-9AD3-2048856BB88F}.Debug|Any CPU.ActiveCfg = Debug|Any CPU
		{B7993E22-F1F8-41E6-9AD3-2048856BB88F}.Debug|Any CPU.Build.0 = Debug|Any CPU
		{B7993E22-F1F8-41E6-9AD3-2048856BB88F}.Debug|x64.ActiveCfg = Debug|Any CPU
		{B7993E22-F1F8-41E6-9AD3-2048856BB88F}.Debug|x64.Build.0 = Debug|Any CPU
		{B7993E22-F1F8-41E6-9AD3-2048856BB88F}.Debug|x86.ActiveCfg = Debug|Any CPU
		{B7993E22-F1F8-41E6-9AD3-2048856BB88F}.Debug|x86.Build.0 = Debug|Any CPU
		{B7993E22-F1F8-41E6-9AD3-2048856BB88F}.Release|Any CPU.ActiveCfg = Release|Any CPU
		{B7993E22-F1F8-41E6-9AD3-2048856BB88F}.Release|Any CPU.Build.0 = Release|Any CPU
		{B7993E22-F1F8-41E6-9AD3-2048856BB88F}.Release|x64.ActiveCfg = Release|Any CPU
		{B7993E22-F1F8-41E6-9AD3-2048856BB88F}.Release|x64.Build.0 = Release|Any CPU
		{B7993E22-F1F8-41E6-9AD3-2048856BB88F}.Release|x86.ActiveCfg = Release|Any CPU
		{B7993E22-F1F8-41E6-9AD3-2048856BB88F}.Release|x86.Build.0 = Release|Any CPU
		{EB15DDED-3FC8-4F1B-BF2D-BF2836D97285}.Debug|Any CPU.ActiveCfg = Debug|Any CPU
		{EB15DDED-3FC8-4F1B-BF2D-BF2836D97285}.Debug|Any CPU.Build.0 = Debug|Any CPU
		{EB15DDED-3FC8-4F1B-BF2D-BF2836D97285}.Debug|x64.ActiveCfg = Debug|Any CPU
		{EB15DDED-3FC8-4F1B-BF2D-BF2836D97285}.Debug|x64.Build.0 = Debug|Any CPU
		{EB15DDED-3FC8-4F1B-BF2D-BF2836D97285}.Debug|x86.ActiveCfg = Debug|Any CPU
		{EB15DDED-3FC8-4F1B-BF2D-BF2836D97285}.Debug|x86.Build.0 = Debug|Any CPU
		{EB15DDED-3FC8-4F1B-BF2D-BF2836D97285}.Release|Any CPU.ActiveCfg = Release|Any CPU
		{EB15DDED-3FC8-4F1B-BF2D-BF2836D97285}.Release|Any CPU.Build.0 = Release|Any CPU
		{EB15DDED-3FC8-4F1B-BF2D-BF2836D97285}.Release|x64.ActiveCfg = Release|Any CPU
		{EB15DDED-3FC8-4F1B-BF2D-BF2836D97285}.Release|x64.Build.0 = Release|Any CPU
		{EB15DDED-3FC8-4F1B-BF2D-BF2836D97285}.Release|x86.ActiveCfg = Release|Any CPU
		{EB15DDED-3FC8-4F1B-BF2D-BF2836D97285}.Release|x86.Build.0 = Release|Any CPU
		{2925BE60-767B-4655-B160-BA15404F6109}.Debug|Any CPU.ActiveCfg = Debug|Any CPU
		{2925BE60-767B-4655-B160-BA15404F6109}.Debug|Any CPU.Build.0 = Debug|Any CPU
		{2925BE60-767B-4655-B160-BA15404F6109}.Debug|x64.ActiveCfg = Debug|Any CPU
		{2925BE60-767B-4655-B160-BA15404F6109}.Debug|x64.Build.0 = Debug|Any CPU
		{2925BE60-767B-4655-B160-BA15404F6109}.Debug|x86.ActiveCfg = Debug|Any CPU
		{2925BE60-767B-4655-B160-BA15404F6109}.Debug|x86.Build.0 = Debug|Any CPU
		{2925BE60-767B-4655-B160-BA15404F6109}.Release|Any CPU.ActiveCfg = Release|Any CPU
		{2925BE60-767B-4655-B160-BA15404F6109}.Release|Any CPU.Build.0 = Release|Any CPU
		{2925BE60-767B-4655-B160-BA15404F6109}.Release|x64.ActiveCfg = Release|Any CPU
		{2925BE60-767B-4655-B160-BA15404F6109}.Release|x64.Build.0 = Release|Any CPU
		{2925BE60-767B-4655-B160-BA15404F6109}.Release|x86.ActiveCfg = Release|Any CPU
		{2925BE60-767B-4655-B160-BA15404F6109}.Release|x86.Build.0 = Release|Any CPU
		{11595643-B999-44CF-83EE-C5A35FB5F9B7}.Debug|Any CPU.ActiveCfg = Debug|Any CPU
		{11595643-B999-44CF-83EE-C5A35FB5F9B7}.Debug|Any CPU.Build.0 = Debug|Any CPU
		{11595643-B999-44CF-83EE-C5A35FB5F9B7}.Debug|x64.ActiveCfg = Debug|Any CPU
		{11595643-B999-44CF-83EE-C5A35FB5F9B7}.Debug|x64.Build.0 = Debug|Any CPU
		{11595643-B999-44CF-83EE-C5A35FB5F9B7}.Debug|x86.ActiveCfg = Debug|Any CPU
		{11595643-B999-44CF-83EE-C5A35FB5F9B7}.Debug|x86.Build.0 = Debug|Any CPU
		{11595643-B999-44CF-83EE-C5A35FB5F9B7}.Release|Any CPU.ActiveCfg = Release|Any CPU
		{11595643-B999-44CF-83EE-C5A35FB5F9B7}.Release|Any CPU.Build.0 = Release|Any CPU
		{11595643-B999-44CF-83EE-C5A35FB5F9B7}.Release|x64.ActiveCfg = Release|Any CPU
		{11595643-B999-44CF-83EE-C5A35FB5F9B7}.Release|x64.Build.0 = Release|Any CPU
		{11595643-B999-44CF-83EE-C5A35FB5F9B7}.Release|x86.ActiveCfg = Release|Any CPU
		{11595643-B999-44CF-83EE-C5A35FB5F9B7}.Release|x86.Build.0 = Release|Any CPU
		{84A77A6F-1BCB-45E5-ABC8-8C467DE70243}.Debug|Any CPU.ActiveCfg = Debug|Any CPU
		{84A77A6F-1BCB-45E5-ABC8-8C467DE70243}.Debug|Any CPU.Build.0 = Debug|Any CPU
		{84A77A6F-1BCB-45E5-ABC8-8C467DE70243}.Debug|x64.ActiveCfg = Debug|Any CPU
		{84A77A6F-1BCB-45E5-ABC8-8C467DE70243}.Debug|x64.Build.0 = Debug|Any CPU
		{84A77A6F-1BCB-45E5-ABC8-8C467DE70243}.Debug|x86.ActiveCfg = Debug|Any CPU
		{84A77A6F-1BCB-45E5-ABC8-8C467DE70243}.Debug|x86.Build.0 = Debug|Any CPU
		{84A77A6F-1BCB-45E5-ABC8-8C467DE70243}.Release|Any CPU.ActiveCfg = Release|Any CPU
		{84A77A6F-1BCB-45E5-ABC8-8C467DE70243}.Release|Any CPU.Build.0 = Release|Any CPU
		{84A77A6F-1BCB-45E5-ABC8-8C467DE70243}.Release|x64.ActiveCfg = Release|Any CPU
		{84A77A6F-1BCB-45E5-ABC8-8C467DE70243}.Release|x64.Build.0 = Release|Any CPU
		{84A77A6F-1BCB-45E5-ABC8-8C467DE70243}.Release|x86.ActiveCfg = Release|Any CPU
		{84A77A6F-1BCB-45E5-ABC8-8C467DE70243}.Release|x86.Build.0 = Release|Any CPU
	EndGlobalSection
	GlobalSection(SolutionProperties) = preSolution
		HideSolutionNode = FALSE
	EndGlobalSection
	GlobalSection(NestedProjects) = preSolution
		{6C27DE1D-4D0F-4208-B25F-9160EDF32BDE} = {827E0CD3-B72D-47B6-A68D-7590B98EB39B}
		{B7993E22-F1F8-41E6-9AD3-2048856BB88F} = {827E0CD3-B72D-47B6-A68D-7590B98EB39B}
		{EB15DDED-3FC8-4F1B-BF2D-BF2836D97285} = {827E0CD3-B72D-47B6-A68D-7590B98EB39B}
		{2925BE60-767B-4655-B160-BA15404F6109} = {827E0CD3-B72D-47B6-A68D-7590B98EB39B}
		{11595643-B999-44CF-83EE-C5A35FB5F9B7} = {827E0CD3-B72D-47B6-A68D-7590B98EB39B}
		{84A77A6F-1BCB-45E5-ABC8-8C467DE70243} = {827E0CD3-B72D-47B6-A68D-7590B98EB39B}
	EndGlobalSection
EndGlobal
